// !$*UTF8*$!
{
	archiveVersion = 1;
	classes = {
	};
	objectVersion = 50;
	objects = {

/* Begin PBXBuildFile section */
		264034FC283A1F6300A43564 /* ImageLoader.swift in Sources */ = {isa = PBXBuildFile; fileRef = 264034FB283A1F6300A43564 /* ImageLoader.swift */; };
		264034FD283A1F6300A43564 /* ImageLoader.swift in Sources */ = {isa = PBXBuildFile; fileRef = 264034FB283A1F6300A43564 /* ImageLoader.swift */; };
		264034FF283A2A7800A43564 /* Shapes in Resources */ = {isa = PBXBuildFile; fileRef = 264034FE283A2A7800A43564 /* Shapes */; };
		26403500283A2A7800A43564 /* Shapes in Resources */ = {isa = PBXBuildFile; fileRef = 264034FE283A2A7800A43564 /* Shapes */; };
		26403502283D6DD500A43564 /* Gradient in Resources */ = {isa = PBXBuildFile; fileRef = 26403501283D6DD500A43564 /* Gradient */; };
		26403503283D6DD500A43564 /* Gradient in Resources */ = {isa = PBXBuildFile; fileRef = 26403501283D6DD500A43564 /* Gradient */; };
		557FFE9326AC87C800A14D46 /* MetalShaderApp.swift in Sources */ = {isa = PBXBuildFile; fileRef = 557FFE8026AC87C700A14D46 /* MetalShaderApp.swift */; };
		557FFE9426AC87C800A14D46 /* MetalShaderApp.swift in Sources */ = {isa = PBXBuildFile; fileRef = 557FFE8026AC87C700A14D46 /* MetalShaderApp.swift */; };
		557FFE9526AC87C800A14D46 /* ContentView.swift in Sources */ = {isa = PBXBuildFile; fileRef = 557FFE8126AC87C700A14D46 /* ContentView.swift */; };
		557FFE9626AC87C800A14D46 /* ContentView.swift in Sources */ = {isa = PBXBuildFile; fileRef = 557FFE8126AC87C700A14D46 /* ContentView.swift */; };
		557FFE9726AC87C800A14D46 /* Assets.xcassets in Resources */ = {isa = PBXBuildFile; fileRef = 557FFE8226AC87C800A14D46 /* Assets.xcassets */; };
		557FFE9826AC87C800A14D46 /* Assets.xcassets in Resources */ = {isa = PBXBuildFile; fileRef = 557FFE8226AC87C800A14D46 /* Assets.xcassets */; };
		557FFEA226AC87E400A14D46 /* MetalView.swift in Sources */ = {isa = PBXBuildFile; fileRef = 557FFEA126AC87E400A14D46 /* MetalView.swift */; };
		557FFEA326AC87E400A14D46 /* MetalView.swift in Sources */ = {isa = PBXBuildFile; fileRef = 557FFEA126AC87E400A14D46 /* MetalView.swift */; };
		557FFEA526AC8B6A00A14D46 /* MetalCompute.swift in Sources */ = {isa = PBXBuildFile; fileRef = 557FFEA426AC8B6A00A14D46 /* MetalCompute.swift */; };
		557FFEA626AC8B6A00A14D46 /* MetalCompute.swift in Sources */ = {isa = PBXBuildFile; fileRef = 557FFEA426AC8B6A00A14D46 /* MetalCompute.swift */; };
		557FFEA826AD66DA00A14D46 /* Shaders.metal in Sources */ = {isa = PBXBuildFile; fileRef = 557FFEA726AD66DA00A14D46 /* Shaders.metal */; };
		557FFEA926AD66DA00A14D46 /* Shaders.metal in Sources */ = {isa = PBXBuildFile; fileRef = 557FFEA726AD66DA00A14D46 /* Shaders.metal */; };
/* End PBXBuildFile section */

/* Begin PBXFileReference section */
		264034FB283A1F6300A43564 /* ImageLoader.swift */ = {isa = PBXFileReference; lastKnownFileType = sourcecode.swift; path = ImageLoader.swift; sourceTree = "<group>"; };
		264034FE283A2A7800A43564 /* Shapes */ = {isa = PBXFileReference; fileEncoding = 4; lastKnownFileType = text; path = Shapes; sourceTree = SOURCE_ROOT; };
		26403501283D6DD500A43564 /* Gradient */ = {isa = PBXFileReference; lastKnownFileType = folder; path = Gradient; sourceTree = "<group>"; };
		557FFE8026AC87C700A14D46 /* MetalShaderApp.swift */ = {isa = PBXFileReference; lastKnownFileType = sourcecode.swift; path = MetalShaderApp.swift; sourceTree = "<group>"; };
		557FFE8126AC87C700A14D46 /* ContentView.swift */ = {isa = PBXFileReference; lastKnownFileType = sourcecode.swift; path = ContentView.swift; sourceTree = "<group>"; };
		557FFE8226AC87C800A14D46 /* Assets.xcassets */ = {isa = PBXFileReference; lastKnownFileType = folder.assetcatalog; path = Assets.xcassets; sourceTree = "<group>"; };
		557FFE8726AC87C800A14D46 /* Wave Equation.app */ = {isa = PBXFileReference; explicitFileType = wrapper.application; includeInIndex = 0; path = "Wave Equation.app"; sourceTree = BUILT_PRODUCTS_DIR; };
		557FFE8A26AC87C800A14D46 /* Info.plist */ = {isa = PBXFileReference; lastKnownFileType = text.plist.xml; path = Info.plist; sourceTree = "<group>"; };
		557FFE8F26AC87C800A14D46 /* Wave Equation.app */ = {isa = PBXFileReference; explicitFileType = wrapper.application; includeInIndex = 0; path = "Wave Equation.app"; sourceTree = BUILT_PRODUCTS_DIR; };
		557FFE9126AC87C800A14D46 /* Info.plist */ = {isa = PBXFileReference; lastKnownFileType = text.plist.xml; path = Info.plist; sourceTree = "<group>"; };
		557FFE9226AC87C800A14D46 /* macOS.entitlements */ = {isa = PBXFileReference; lastKnownFileType = text.plist.entitlements; path = macOS.entitlements; sourceTree = "<group>"; };
		557FFEA126AC87E400A14D46 /* MetalView.swift */ = {isa = PBXFileReference; lastKnownFileType = sourcecode.swift; path = MetalView.swift; sourceTree = "<group>"; };
		557FFEA426AC8B6A00A14D46 /* MetalCompute.swift */ = {isa = PBXFileReference; lastKnownFileType = sourcecode.swift; path = MetalCompute.swift; sourceTree = "<group>"; };
		557FFEA726AD66DA00A14D46 /* Shaders.metal */ = {isa = PBXFileReference; lastKnownFileType = sourcecode.metal; path = Shaders.metal; sourceTree = "<group>"; };
		557FFEAA26AD781700A14D46 /* ShadersHeader.h */ = {isa = PBXFileReference; lastKnownFileType = sourcecode.c.h; path = ShadersHeader.h; sourceTree = "<group>"; };
/* End PBXFileReference section */

/* Begin PBXFrameworksBuildPhase section */
		557FFE8426AC87C800A14D46 /* Frameworks */ = {
			isa = PBXFrameworksBuildPhase;
			buildActionMask = 2147483647;
			files = (
			);
			runOnlyForDeploymentPostprocessing = 0;
		};
		557FFE8C26AC87C800A14D46 /* Frameworks */ = {
			isa = PBXFrameworksBuildPhase;
			buildActionMask = 2147483647;
			files = (
			);
			runOnlyForDeploymentPostprocessing = 0;
		};
/* End PBXFrameworksBuildPhase section */

/* Begin PBXGroup section */
		557FFE7A26AC87C700A14D46 = {
			isa = PBXGroup;
			children = (
				26403501283D6DD500A43564 /* Gradient */,
				264034FE283A2A7800A43564 /* Shapes */,
				557FFE7F26AC87C700A14D46 /* Shared */,
				557FFE8926AC87C800A14D46 /* iOS */,
				557FFE9026AC87C800A14D46 /* macOS */,
				557FFE8826AC87C800A14D46 /* Products */,
			);
			sourceTree = "<group>";
		};
		557FFE7F26AC87C700A14D46 /* Shared */ = {
			isa = PBXGroup;
			children = (
				557FFE8026AC87C700A14D46 /* MetalShaderApp.swift */,
				557FFE8126AC87C700A14D46 /* ContentView.swift */,
				557FFEA126AC87E400A14D46 /* MetalView.swift */,
				557FFEA426AC8B6A00A14D46 /* MetalCompute.swift */,
				557FFEAA26AD781700A14D46 /* ShadersHeader.h */,
				557FFEA726AD66DA00A14D46 /* Shaders.metal */,
				264034FB283A1F6300A43564 /* ImageLoader.swift */,
				557FFE8226AC87C800A14D46 /* Assets.xcassets */,
			);
			path = Shared;
			sourceTree = "<group>";
		};
		557FFE8826AC87C800A14D46 /* Products */ = {
			isa = PBXGroup;
			children = (
				557FFE8726AC87C800A14D46 /* Wave Equation.app */,
				557FFE8F26AC87C800A14D46 /* Wave Equation.app */,
			);
			name = Products;
			sourceTree = "<group>";
		};
		557FFE8926AC87C800A14D46 /* iOS */ = {
			isa = PBXGroup;
			children = (
				557FFE8A26AC87C800A14D46 /* Info.plist */,
			);
			path = iOS;
			sourceTree = "<group>";
		};
		557FFE9026AC87C800A14D46 /* macOS */ = {
			isa = PBXGroup;
			children = (
				557FFE9126AC87C800A14D46 /* Info.plist */,
				557FFE9226AC87C800A14D46 /* macOS.entitlements */,
			);
			path = macOS;
			sourceTree = "<group>";
		};
/* End PBXGroup section */

/* Begin PBXNativeTarget section */
		557FFE8626AC87C800A14D46 /* Wave Equation (iOS) */ = {
			isa = PBXNativeTarget;
			buildConfigurationList = 557FFE9B26AC87C800A14D46 /* Build configuration list for PBXNativeTarget "Wave Equation (iOS)" */;
			buildPhases = (
				557FFE8326AC87C800A14D46 /* Sources */,
				557FFE8426AC87C800A14D46 /* Frameworks */,
				557FFE8526AC87C800A14D46 /* Resources */,
			);
			buildRules = (
			);
			dependencies = (
			);
			name = "Wave Equation (iOS)";
			productName = "MetalShader (iOS)";
			productReference = 557FFE8726AC87C800A14D46 /* Wave Equation.app */;
			productType = "com.apple.product-type.application";
		};
		557FFE8E26AC87C800A14D46 /* Wave Equation (macOS) */ = {
			isa = PBXNativeTarget;
			buildConfigurationList = 557FFE9E26AC87C800A14D46 /* Build configuration list for PBXNativeTarget "Wave Equation (macOS)" */;
			buildPhases = (
				557FFE8B26AC87C800A14D46 /* Sources */,
				557FFE8C26AC87C800A14D46 /* Frameworks */,
				557FFE8D26AC87C800A14D46 /* Resources */,
			);
			buildRules = (
			);
			dependencies = (
			);
			name = "Wave Equation (macOS)";
			productName = "MetalShader (macOS)";
			productReference = 557FFE8F26AC87C800A14D46 /* Wave Equation.app */;
			productType = "com.apple.product-type.application";
		};
/* End PBXNativeTarget section */

/* Begin PBXProject section */
		557FFE7B26AC87C700A14D46 /* Project object */ = {
			isa = PBXProject;
			attributes = {
				LastSwiftUpdateCheck = 1250;
				LastUpgradeCheck = 1250;
				TargetAttributes = {
					557FFE8626AC87C800A14D46 = {
						CreatedOnToolsVersion = 12.5.1;
					};
					557FFE8E26AC87C800A14D46 = {
						CreatedOnToolsVersion = 12.5.1;
					};
				};
			};
			buildConfigurationList = 557FFE7E26AC87C700A14D46 /* Build configuration list for PBXProject "Wave Equation" */;
			compatibilityVersion = "Xcode 9.3";
			developmentRegion = en;
			hasScannedForEncodings = 0;
			knownRegions = (
				en,
				Base,
			);
			mainGroup = 557FFE7A26AC87C700A14D46;
			productRefGroup = 557FFE8826AC87C800A14D46 /* Products */;
			projectDirPath = "";
			projectRoot = "";
			targets = (
				557FFE8626AC87C800A14D46 /* Wave Equation (iOS) */,
				557FFE8E26AC87C800A14D46 /* Wave Equation (macOS) */,
			);
		};
/* End PBXProject section */

/* Begin PBXResourcesBuildPhase section */
		557FFE8526AC87C800A14D46 /* Resources */ = {
			isa = PBXResourcesBuildPhase;
			buildActionMask = 2147483647;
			files = (
				26403502283D6DD500A43564 /* Gradient in Resources */,
				264034FF283A2A7800A43564 /* Shapes in Resources */,
				557FFE9726AC87C800A14D46 /* Assets.xcassets in Resources */,
			);
			runOnlyForDeploymentPostprocessing = 0;
		};
		557FFE8D26AC87C800A14D46 /* Resources */ = {
			isa = PBXResourcesBuildPhase;
			buildActionMask = 2147483647;
			files = (
				26403503283D6DD500A43564 /* Gradient in Resources */,
				26403500283A2A7800A43564 /* Shapes in Resources */,
				557FFE9826AC87C800A14D46 /* Assets.xcassets in Resources */,
			);
			runOnlyForDeploymentPostprocessing = 0;
		};
/* End PBXResourcesBuildPhase section */

/* Begin PBXSourcesBuildPhase section */
		557FFE8326AC87C800A14D46 /* Sources */ = {
			isa = PBXSourcesBuildPhase;
			buildActionMask = 2147483647;
			files = (
				557FFEA226AC87E400A14D46 /* MetalView.swift in Sources */,
				557FFE9526AC87C800A14D46 /* ContentView.swift in Sources */,
				264034FC283A1F6300A43564 /* ImageLoader.swift in Sources */,
				557FFE9326AC87C800A14D46 /* MetalShaderApp.swift in Sources */,
				557FFEA526AC8B6A00A14D46 /* MetalCompute.swift in Sources */,
				557FFEA826AD66DA00A14D46 /* Shaders.metal in Sources */,
			);
			runOnlyForDeploymentPostprocessing = 0;
		};
		557FFE8B26AC87C800A14D46 /* Sources */ = {
			isa = PBXSourcesBuildPhase;
			buildActionMask = 2147483647;
			files = (
				557FFEA326AC87E400A14D46 /* MetalView.swift in Sources */,
				557FFE9626AC87C800A14D46 /* ContentView.swift in Sources */,
				264034FD283A1F6300A43564 /* ImageLoader.swift in Sources */,
				557FFE9426AC87C800A14D46 /* MetalShaderApp.swift in Sources */,
				557FFEA626AC8B6A00A14D46 /* MetalCompute.swift in Sources */,
				557FFEA926AD66DA00A14D46 /* Shaders.metal in Sources */,
			);
			runOnlyForDeploymentPostprocessing = 0;
		};
/* End PBXSourcesBuildPhase section */

/* Begin XCBuildConfiguration section */
		557FFE9926AC87C800A14D46 /* Debug */ = {
			isa = XCBuildConfiguration;
			buildSettings = {
				ALWAYS_SEARCH_USER_PATHS = NO;
				CLANG_ANALYZER_NONNULL = YES;
				CLANG_ANALYZER_NUMBER_OBJECT_CONVERSION = YES_AGGRESSIVE;
				CLANG_CXX_LANGUAGE_STANDARD = "gnu++14";
				CLANG_CXX_LIBRARY = "libc++";
				CLANG_ENABLE_MODULES = YES;
				CLANG_ENABLE_OBJC_ARC = YES;
				CLANG_ENABLE_OBJC_WEAK = YES;
				CLANG_WARN_BLOCK_CAPTURE_AUTORELEASING = YES;
				CLANG_WARN_BOOL_CONVERSION = YES;
				CLANG_WARN_COMMA = YES;
				CLANG_WARN_CONSTANT_CONVERSION = YES;
				CLANG_WARN_DEPRECATED_OBJC_IMPLEMENTATIONS = YES;
				CLANG_WARN_DIRECT_OBJC_ISA_USAGE = YES_ERROR;
				CLANG_WARN_DOCUMENTATION_COMMENTS = YES;
				CLANG_WARN_EMPTY_BODY = YES;
				CLANG_WARN_ENUM_CONVERSION = YES;
				CLANG_WARN_INFINITE_RECURSION = YES;
				CLANG_WARN_INT_CONVERSION = YES;
				CLANG_WARN_NON_LITERAL_NULL_CONVERSION = YES;
				CLANG_WARN_OBJC_IMPLICIT_RETAIN_SELF = YES;
				CLANG_WARN_OBJC_LITERAL_CONVERSION = YES;
				CLANG_WARN_OBJC_ROOT_CLASS = YES_ERROR;
				CLANG_WARN_QUOTED_INCLUDE_IN_FRAMEWORK_HEADER = YES;
				CLANG_WARN_RANGE_LOOP_ANALYSIS = YES;
				CLANG_WARN_STRICT_PROTOTYPES = YES;
				CLANG_WARN_SUSPICIOUS_MOVE = YES;
				CLANG_WARN_UNGUARDED_AVAILABILITY = YES_AGGRESSIVE;
				CLANG_WARN_UNREACHABLE_CODE = YES;
				CLANG_WARN__DUPLICATE_METHOD_MATCH = YES;
				COPY_PHASE_STRIP = NO;
				DEBUG_INFORMATION_FORMAT = dwarf;
				ENABLE_STRICT_OBJC_MSGSEND = YES;
				ENABLE_TESTABILITY = YES;
				GCC_C_LANGUAGE_STANDARD = gnu11;
				GCC_DYNAMIC_NO_PIC = NO;
				GCC_NO_COMMON_BLOCKS = YES;
				GCC_OPTIMIZATION_LEVEL = 0;
				GCC_PREPROCESSOR_DEFINITIONS = (
					"DEBUG=1",
					"$(inherited)",
				);
				GCC_WARN_64_TO_32_BIT_CONVERSION = YES;
				GCC_WARN_ABOUT_RETURN_TYPE = YES_ERROR;
				GCC_WARN_UNDECLARED_SELECTOR = YES;
				GCC_WARN_UNINITIALIZED_AUTOS = YES_AGGRESSIVE;
				GCC_WARN_UNUSED_FUNCTION = YES;
				GCC_WARN_UNUSED_VARIABLE = YES;
				MTL_ENABLE_DEBUG_INFO = INCLUDE_SOURCE;
				MTL_FAST_MATH = YES;
				ONLY_ACTIVE_ARCH = YES;
				SWIFT_ACTIVE_COMPILATION_CONDITIONS = DEBUG;
				SWIFT_OPTIMIZATION_LEVEL = "-Onone";
			};
			name = Debug;
		};
		557FFE9A26AC87C800A14D46 /* Release */ = {
			isa = XCBuildConfiguration;
			buildSettings = {
				ALWAYS_SEARCH_USER_PATHS = NO;
				CLANG_ANALYZER_NONNULL = YES;
				CLANG_ANALYZER_NUMBER_OBJECT_CONVERSION = YES_AGGRESSIVE;
				CLANG_CXX_LANGUAGE_STANDARD = "gnu++14";
				CLANG_CXX_LIBRARY = "libc++";
				CLANG_ENABLE_MODULES = YES;
				CLANG_ENABLE_OBJC_ARC = YES;
				CLANG_ENABLE_OBJC_WEAK = YES;
				CLANG_WARN_BLOCK_CAPTURE_AUTORELEASING = YES;
				CLANG_WARN_BOOL_CONVERSION = YES;
				CLANG_WARN_COMMA = YES;
				CLANG_WARN_CONSTANT_CONVERSION = YES;
				CLANG_WARN_DEPRECATED_OBJC_IMPLEMENTATIONS = YES;
				CLANG_WARN_DIRECT_OBJC_ISA_USAGE = YES_ERROR;
				CLANG_WARN_DOCUMENTATION_COMMENTS = YES;
				CLANG_WARN_EMPTY_BODY = YES;
				CLANG_WARN_ENUM_CONVERSION = YES;
				CLANG_WARN_INFINITE_RECURSION = YES;
				CLANG_WARN_INT_CONVERSION = YES;
				CLANG_WARN_NON_LITERAL_NULL_CONVERSION = YES;
				CLANG_WARN_OBJC_IMPLICIT_RETAIN_SELF = YES;
				CLANG_WARN_OBJC_LITERAL_CONVERSION = YES;
				CLANG_WARN_OBJC_ROOT_CLASS = YES_ERROR;
				CLANG_WARN_QUOTED_INCLUDE_IN_FRAMEWORK_HEADER = YES;
				CLANG_WARN_RANGE_LOOP_ANALYSIS = YES;
				CLANG_WARN_STRICT_PROTOTYPES = YES;
				CLANG_WARN_SUSPICIOUS_MOVE = YES;
				CLANG_WARN_UNGUARDED_AVAILABILITY = YES_AGGRESSIVE;
				CLANG_WARN_UNREACHABLE_CODE = YES;
				CLANG_WARN__DUPLICATE_METHOD_MATCH = YES;
				COPY_PHASE_STRIP = NO;
				DEBUG_INFORMATION_FORMAT = "dwarf-with-dsym";
				ENABLE_NS_ASSERTIONS = NO;
				ENABLE_STRICT_OBJC_MSGSEND = YES;
				GCC_C_LANGUAGE_STANDARD = gnu11;
				GCC_NO_COMMON_BLOCKS = YES;
				GCC_WARN_64_TO_32_BIT_CONVERSION = YES;
				GCC_WARN_ABOUT_RETURN_TYPE = YES_ERROR;
				GCC_WARN_UNDECLARED_SELECTOR = YES;
				GCC_WARN_UNINITIALIZED_AUTOS = YES_AGGRESSIVE;
				GCC_WARN_UNUSED_FUNCTION = YES;
				GCC_WARN_UNUSED_VARIABLE = YES;
				MTL_ENABLE_DEBUG_INFO = NO;
				MTL_FAST_MATH = YES;
				SWIFT_COMPILATION_MODE = wholemodule;
				SWIFT_OPTIMIZATION_LEVEL = "-O";
			};
			name = Release;
		};
		557FFE9C26AC87C800A14D46 /* Debug */ = {
			isa = XCBuildConfiguration;
			buildSettings = {
				ASSETCATALOG_COMPILER_APPICON_NAME = AppIcon;
				ASSETCATALOG_COMPILER_GLOBAL_ACCENT_COLOR_NAME = AccentColor;
				CODE_SIGN_STYLE = Automatic;
				DEVELOPMENT_TEAM = XVWQ3JTU6V;
				ENABLE_PREVIEWS = YES;
				INFOPLIST_FILE = iOS/Info.plist;
				IPHONEOS_DEPLOYMENT_TARGET = 14.0;
				LD_RUNPATH_SEARCH_PATHS = (
					"$(inherited)",
					"@executable_path/Frameworks",
				);
				PRODUCT_BUNDLE_IDENTIFIER = com.eliottmorgensztern.MetalShader;
				PRODUCT_NAME = "Wave Equation";
				SDKROOT = iphoneos;
				SWIFT_VERSION = 5.0;
				TARGETED_DEVICE_FAMILY = "1,2";
			};
			name = Debug;
		};
		557FFE9D26AC87C800A14D46 /* Release */ = {
			isa = XCBuildConfiguration;
			buildSettings = {
				ASSETCATALOG_COMPILER_APPICON_NAME = AppIcon;
				ASSETCATALOG_COMPILER_GLOBAL_ACCENT_COLOR_NAME = AccentColor;
				CODE_SIGN_STYLE = Automatic;
				DEVELOPMENT_TEAM = XVWQ3JTU6V;
				ENABLE_PREVIEWS = YES;
				INFOPLIST_FILE = iOS/Info.plist;
				IPHONEOS_DEPLOYMENT_TARGET = 14.0;
				LD_RUNPATH_SEARCH_PATHS = (
					"$(inherited)",
					"@executable_path/Frameworks",
				);
				PRODUCT_BUNDLE_IDENTIFIER = com.eliottmorgensztern.MetalShader;
				PRODUCT_NAME = "Wave Equation";
				SDKROOT = iphoneos;
				SWIFT_VERSION = 5.0;
				TARGETED_DEVICE_FAMILY = "1,2";
				VALIDATE_PRODUCT = YES;
			};
			name = Release;
		};
		557FFE9F26AC87C800A14D46 /* Debug */ = {
			isa = XCBuildConfiguration;
			buildSettings = {
				ASSETCATALOG_COMPILER_APPICON_NAME = AppIcon;
				ASSETCATALOG_COMPILER_GLOBAL_ACCENT_COLOR_NAME = AccentColor;
				CODE_SIGN_ENTITLEMENTS = macOS/macOS.entitlements;
				CODE_SIGN_STYLE = Automatic;
				COMBINE_HIDPI_IMAGES = YES;
				DEVELOPMENT_TEAM = XVWQ3JTU6V;
				ENABLE_HARDENED_RUNTIME = YES;
				ENABLE_PREVIEWS = YES;
				INFOPLIST_FILE = macOS/Info.plist;
				LD_RUNPATH_SEARCH_PATHS = (
					"$(inherited)",
					"@executable_path/../Frameworks",
				);
				MACOSX_DEPLOYMENT_TARGET = 11.0;
				PRODUCT_BUNDLE_IDENTIFIER = com.eliottmorgensztern.MetalShader;
				PRODUCT_NAME = "Wave Equation";
				SDKROOT = macosx;
				SWIFT_VERSION = 5.0;
			};
			name = Debug;
		};
		557FFEA026AC87C800A14D46 /* Release */ = {
			isa = XCBuildConfiguration;
			buildSettings = {
				ASSETCATALOG_COMPILER_APPICON_NAME = AppIcon;
				ASSETCATALOG_COMPILER_GLOBAL_ACCENT_COLOR_NAME = AccentColor;
				CODE_SIGN_ENTITLEMENTS = macOS/macOS.entitlements;
				CODE_SIGN_STYLE = Automatic;
				COMBINE_HIDPI_IMAGES = YES;
				DEVELOPMENT_TEAM = XVWQ3JTU6V;
				ENABLE_HARDENED_RUNTIME = YES;
				ENABLE_PREVIEWS = YES;
				INFOPLIST_FILE = macOS/Info.plist;
				LD_RUNPATH_SEARCH_PATHS = (
					"$(inherited)",
					"@executable_path/../Frameworks",
				);
				MACOSX_DEPLOYMENT_TARGET = 11.0;
				PRODUCT_BUNDLE_IDENTIFIER = com.eliottmorgensztern.MetalShader;
				PRODUCT_NAME = "Wave Equation";
				SDKROOT = macosx;
				SWIFT_VERSION = 5.0;
			};
			name = Release;
		};
/* End XCBuildConfiguration section */

/* Begin XCConfigurationList section */
		557FFE7E26AC87C700A14D46 /* Build configuration list for PBXProject "Wave Equation" */ = {
			isa = XCConfigurationList;
			buildConfigurations = (
				557FFE9926AC87C800A14D46 /* Debug */,
				557FFE9A26AC87C800A14D46 /* Release */,
			);
			defaultConfigurationIsVisible = 0;
			defaultConfigurationName = Release;
		};
		557FFE9B26AC87C800A14D46 /* Build configuration list for PBXNativeTarget "Wave Equation (iOS)" */ = {
			isa = XCConfigurationList;
			buildConfigurations = (
				557FFE9C26AC87C800A14D46 /* Debug */,
				557FFE9D26AC87C800A14D46 /* Release */,
			);
			defaultConfigurationIsVisible = 0;
			defaultConfigurationName = Release;
		};
		557FFE9E26AC87C800A14D46 /* Build configuration list for PBXNativeTarget "Wave Equation (macOS)" */ = {
			isa = XCConfigurationList;
			buildConfigurations = (
				557FFE9F26AC87C800A14D46 /* Debug */,
				557FFEA026AC87C800A14D46 /* Release */,
			);
			defaultConfigurationIsVisible = 0;
			defaultConfigurationName = Release;
		};
/* End XCConfigurationList section */
	};
	rootObject = 557FFE7B26AC87C700A14D46 /* Project object */;
}
